
Microsoft Visual Studio Solution File, Format Version 12.00
# Visual Studio Version 16
VisualStudioVersion = 16.0.29721.120
MinimumVisualStudioVersion = 10.0.40219.1
Project("{9A19103F-16F7-4668-BE54-9A1E7A4F7556}") = "Taxi.Common", "Taxi.Common\Taxi.Common.csproj", "{73EF0C0F-A1A3-4E31-AF71-BB51C0960A55}"
EndProject
Project("{9A19103F-16F7-4668-BE54-9A1E7A4F7556}") = "Taxi.Web", "Taxi.Web\Taxi.Web.csproj", "{938FA4CB-FAD1-4FCE-ADD4-5DB664C3D03A}"
EndProject
Project("{FAE04EC0-301F-11D3-BF4B-00C04F79EFBC}") = "Taxi.Prism", "Taxi.Prism\Taxi.Prism\Taxi.Prism.csproj", "{0435263D-FF47-4A8F-A506-2B1C607D0938}"
EndProject
Project("{FAE04EC0-301F-11D3-BF4B-00C04F79EFBC}") = "Taxi.Prism.Android", "Taxi.Prism\Taxi.Prism.Android\Taxi.Prism.Android.csproj", "{C2EF59B6-B7A3-4A91-B192-BCDEC78F5F35}"
EndProject
Project("{FAE04EC0-301F-11D3-BF4B-00C04F79EFBC}") = "Taxi.Prism.iOS", "Taxi.Prism\Taxi.Prism.iOS\Taxi.Prism.iOS.csproj", "{A3A37125-8E1F-42DD-9BFF-C55B6F5502E3}"
EndProject
Project("{FAE04EC0-301F-11D3-BF4B-00C04F79EFBC}") = "Taxi.Cross.Android", "Taxi.Cross.Android\Taxi.Cross.Android.csproj", "{D0314C83-3CFD-410F-A053-7624F8E7DF75}"
EndProject
Global
	GlobalSection(SolutionConfigurationPlatforms) = preSolution
		Ad-Hoc|Any CPU = Ad-Hoc|Any CPU
		Ad-Hoc|iPhone = Ad-Hoc|iPhone
		Ad-Hoc|iPhoneSimulator = Ad-Hoc|iPhoneSimulator
		AppStore|Any CPU = AppStore|Any CPU
		AppStore|iPhone = AppStore|iPhone
		AppStore|iPhoneSimulator = AppStore|iPhoneSimulator
		Debug|Any CPU = Debug|Any CPU
		Debug|iPhone = Debug|iPhone
		Debug|iPhoneSimulator = Debug|iPhoneSimulator
		Release|Any CPU = Release|Any CPU
		Release|iPhone = Release|iPhone
		Release|iPhoneSimulator = Release|iPhoneSimulator
	EndGlobalSection
	GlobalSection(ProjectConfigurationPlatforms) = postSolution
		{73EF0C0F-A1A3-4E31-AF71-BB51C0960A55}.Ad-Hoc|Any CPU.ActiveCfg = Release|Any CPU
		{73EF0C0F-A1A3-4E31-AF71-BB51C0960A55}.Ad-Hoc|Any CPU.Build.0 = Release|Any CPU
		{73EF0C0F-A1A3-4E31-AF71-BB51C0960A55}.Ad-Hoc|iPhone.ActiveCfg = Release|Any CPU
		{73EF0C0F-A1A3-4E31-AF71-BB51C0960A55}.Ad-Hoc|iPhone.Build.0 = Release|Any CPU
		{73EF0C0F-A1A3-4E31-AF71-BB51C0960A55}.Ad-Hoc|iPhoneSimulator.ActiveCfg = Release|Any CPU
		{73EF0C0F-A1A3-4E31-AF71-BB51C0960A55}.Ad-Hoc|iPhoneSimulator.Build.0 = Release|Any CPU
		{73EF0C0F-A1A3-4E31-AF71-BB51C0960A55}.AppStore|Any CPU.ActiveCfg = Release|Any CPU
		{73EF0C0F-A1A3-4E31-AF71-BB51C0960A55}.AppStore|Any CPU.Build.0 = Release|Any CPU
		{73EF0C0F-A1A3-4E31-AF71-BB51C0960A55}.AppStore|iPhone.ActiveCfg = Release|Any CPU
		{73EF0C0F-A1A3-4E31-AF71-BB51C0960A55}.AppStore|iPhone.Build.0 = Release|Any CPU
		{73EF0C0F-A1A3-4E31-AF71-BB51C0960A55}.AppStore|iPhoneSimulator.ActiveCfg = Release|Any CPU
		{73EF0C0F-A1A3-4E31-AF71-BB51C0960A55}.AppStore|iPhoneSimulator.Build.0 = Release|Any CPU
		{73EF0C0F-A1A3-4E31-AF71-BB51C0960A55}.Debug|Any CPU.ActiveCfg = Debug|Any CPU
		{73EF0C0F-A1A3-4E31-AF71-BB51C0960A55}.Debug|Any CPU.Build.0 = Debug|Any CPU
		{73EF0C0F-A1A3-4E31-AF71-BB51C0960A55}.Debug|iPhone.ActiveCfg = Debug|Any CPU
		{73EF0C0F-A1A3-4E31-AF71-BB51C0960A55}.Debug|iPhone.Build.0 = Debug|Any CPU
		{73EF0C0F-A1A3-4E31-AF71-BB51C0960A55}.Debug|iPhoneSimulator.ActiveCfg = Debug|Any CPU
		{73EF0C0F-A1A3-4E31-AF71-BB51C0960A55}.Debug|iPhoneSimulator.Build.0 = Debug|Any CPU
		{73EF0C0F-A1A3-4E31-AF71-BB51C0960A55}.Release|Any CPU.ActiveCfg = Release|Any CPU
		{73EF0C0F-A1A3-4E31-AF71-BB51C0960A55}.Release|Any CPU.Build.0 = Release|Any CPU
		{73EF0C0F-A1A3-4E31-AF71-BB51C0960A55}.Release|iPhone.ActiveCfg = Release|Any CPU
		{73EF0C0F-A1A3-4E31-AF71-BB51C0960A55}.Release|iPhone.Build.0 = Release|Any CPU
		{73EF0C0F-A1A3-4E31-AF71-BB51C0960A55}.Release|iPhoneSimulator.ActiveCfg = Release|Any CPU
		{73EF0C0F-A1A3-4E31-AF71-BB51C0960A55}.Release|iPhoneSimulator.Build.0 = Release|Any CPU
		{938FA4CB-FAD1-4FCE-ADD4-5DB664C3D03A}.Ad-Hoc|Any CPU.ActiveCfg = Release|Any CPU
		{938FA4CB-FAD1-4FCE-ADD4-5DB664C3D03A}.Ad-Hoc|Any CPU.Build.0 = Release|Any CPU
		{938FA4CB-FAD1-4FCE-ADD4-5DB664C3D03A}.Ad-Hoc|iPhone.ActiveCfg = Release|Any CPU
		{938FA4CB-FAD1-4FCE-ADD4-5DB664C3D03A}.Ad-Hoc|iPhone.Build.0 = Release|Any CPU
		{938FA4CB-FAD1-4FCE-ADD4-5DB664C3D03A}.Ad-Hoc|iPhoneSimulator.ActiveCfg = Release|Any CPU
		{938FA4CB-FAD1-4FCE-ADD4-5DB664C3D03A}.Ad-Hoc|iPhoneSimulator.Build.0 = Release|Any CPU
		{938FA4CB-FAD1-4FCE-ADD4-5DB664C3D03A}.AppStore|Any CPU.ActiveCfg = Release|Any CPU
		{938FA4CB-FAD1-4FCE-ADD4-5DB664C3D03A}.AppStore|Any CPU.Build.0 = Release|Any CPU
		{938FA4CB-FAD1-4FCE-ADD4-5DB664C3D03A}.AppStore|iPhone.ActiveCfg = Release|Any CPU
		{938FA4CB-FAD1-4FCE-ADD4-5DB664C3D03A}.AppStore|iPhone.Build.0 = Release|Any CPU
		{938FA4CB-FAD1-4FCE-ADD4-5DB664C3D03A}.AppStore|iPhoneSimulator.ActiveCfg = Release|Any CPU
		{938FA4CB-FAD1-4FCE-ADD4-5DB664C3D03A}.AppStore|iPhoneSimulator.Build.0 = Release|Any CPU
		{938FA4CB-FAD1-4FCE-ADD4-5DB664C3D03A}.Debug|Any CPU.ActiveCfg = Debug|Any CPU
		{938FA4CB-FAD1-4FCE-ADD4-5DB664C3D03A}.Debug|Any CPU.Build.0 = Debug|Any CPU
		{938FA4CB-FAD1-4FCE-ADD4-5DB664C3D03A}.Debug|iPhone.ActiveCfg = Debug|Any CPU
		{938FA4CB-FAD1-4FCE-ADD4-5DB664C3D03A}.Debug|iPhone.Build.0 = Debug|Any CPU
		{938FA4CB-FAD1-4FCE-ADD4-5DB664C3D03A}.Debug|iPhoneSimulator.ActiveCfg = Debug|Any CPU
		{938FA4CB-FAD1-4FCE-ADD4-5DB664C3D03A}.Debug|iPhoneSimulator.Build.0 = Debug|Any CPU
		{938FA4CB-FAD1-4FCE-ADD4-5DB664C3D03A}.Release|Any CPU.ActiveCfg = Release|Any CPU
		{938FA4CB-FAD1-4FCE-ADD4-5DB664C3D03A}.Release|Any CPU.Build.0 = Release|Any CPU
		{938FA4CB-FAD1-4FCE-ADD4-5DB664C3D03A}.Release|iPhone.ActiveCfg = Release|Any CPU
		{938FA4CB-FAD1-4FCE-ADD4-5DB664C3D03A}.Release|iPhone.Build.0 = Release|Any CPU
		{938FA4CB-FAD1-4FCE-ADD4-5DB664C3D03A}.Release|iPhoneSimulator.ActiveCfg = Release|Any CPU
		{938FA4CB-FAD1-4FCE-ADD4-5DB664C3D03A}.Release|iPhoneSimulator.Build.0 = Release|Any CPU
		{0435263D-FF47-4A8F-A506-2B1C607D0938}.Ad-Hoc|Any CPU.ActiveCfg = Debug|Any CPU
		{0435263D-FF47-4A8F-A506-2B1C607D0938}.Ad-Hoc|Any CPU.Build.0 = Debug|Any CPU
		{0435263D-FF47-4A8F-A506-2B1C607D0938}.Ad-Hoc|iPhone.ActiveCfg = Debug|Any CPU
		{0435263D-FF47-4A8F-A506-2B1C607D0938}.Ad-Hoc|iPhone.Build.0 = Debug|Any CPU
		{0435263D-FF47-4A8F-A506-2B1C607D0938}.Ad-Hoc|iPhoneSimulator.ActiveCfg = Debug|Any CPU
		{0435263D-FF47-4A8F-A506-2B1C607D0938}.Ad-Hoc|iPhoneSimulator.Build.0 = Debug|Any CPU
		{0435263D-FF47-4A8F-A506-2B1C607D0938}.AppStore|Any CPU.ActiveCfg = Debug|Any CPU
		{0435263D-FF47-4A8F-A506-2B1C607D0938}.AppStore|Any CPU.Build.0 = Debug|Any CPU
		{0435263D-FF47-4A8F-A506-2B1C607D0938}.AppStore|iPhone.ActiveCfg = Debug|Any CPU
		{0435263D-FF47-4A8F-A506-2B1C607D0938}.AppStore|iPhone.Build.0 = Debug|Any CPU
		{0435263D-FF47-4A8F-A506-2B1C607D0938}.AppStore|iPhoneSimulator.ActiveCfg = Debug|Any CPU
		{0435263D-FF47-4A8F-A506-2B1C607D0938}.AppStore|iPhoneSimulator.Build.0 = Debug|Any CPU
		{0435263D-FF47-4A8F-A506-2B1C607D0938}.Debug|Any CPU.ActiveCfg = Debug|Any CPU
		{0435263D-FF47-4A8F-A506-2B1C607D0938}.Debug|Any CPU.Build.0 = Debug|Any CPU
		{0435263D-FF47-4A8F-A506-2B1C607D0938}.Debug|iPhone.ActiveCfg = Debug|Any CPU
		{0435263D-FF47-4A8F-A506-2B1C607D0938}.Debug|iPhone.Build.0 = Debug|Any CPU
		{0435263D-FF47-4A8F-A506-2B1C607D0938}.Debug|iPhoneSimulator.ActiveCfg = Debug|Any CPU
		{0435263D-FF47-4A8F-A506-2B1C607D0938}.Debug|iPhoneSimulator.Build.0 = Debug|Any CPU
		{0435263D-FF47-4A8F-A506-2B1C607D0938}.Release|Any CPU.ActiveCfg = Release|Any CPU
		{0435263D-FF47-4A8F-A506-2B1C607D0938}.Release|Any CPU.Build.0 = Release|Any CPU
		{0435263D-FF47-4A8F-A506-2B1C607D0938}.Release|iPhone.ActiveCfg = Release|Any CPU
		{0435263D-FF47-4A8F-A506-2B1C607D0938}.Release|iPhone.Build.0 = Release|Any CPU
		{0435263D-FF47-4A8F-A506-2B1C607D0938}.Release|iPhoneSimulator.ActiveCfg = Release|Any CPU
		{0435263D-FF47-4A8F-A506-2B1C607D0938}.Release|iPhoneSimulator.Build.0 = Release|Any CPU
		{C2EF59B6-B7A3-4A91-B192-BCDEC78F5F35}.Ad-Hoc|Any CPU.ActiveCfg = Release|Any CPU
		{C2EF59B6-B7A3-4A91-B192-BCDEC78F5F35}.Ad-Hoc|Any CPU.Build.0 = Release|Any CPU
		{C2EF59B6-B7A3-4A91-B192-BCDEC78F5F35}.Ad-Hoc|Any CPU.Deploy.0 = Release|Any CPU
		{C2EF59B6-B7A3-4A91-B192-BCDEC78F5F35}.Ad-Hoc|iPhone.ActiveCfg = Release|Any CPU
		{C2EF59B6-B7A3-4A91-B192-BCDEC78F5F35}.Ad-Hoc|iPhone.Build.0 = Release|Any CPU
		{C2EF59B6-B7A3-4A91-B192-BCDEC78F5F35}.Ad-Hoc|iPhone.Deploy.0 = Release|Any CPU
		{C2EF59B6-B7A3-4A91-B192-BCDEC78F5F35}.Ad-Hoc|iPhoneSimulator.ActiveCfg = Release|Any CPU
		{C2EF59B6-B7A3-4A91-B192-BCDEC78F5F35}.Ad-Hoc|iPhoneSimulator.Build.0 = Release|Any CPU
		{C2EF59B6-B7A3-4A91-B192-BCDEC78F5F35}.Ad-Hoc|iPhoneSimulator.Deploy.0 = Release|Any CPU
		{C2EF59B6-B7A3-4A91-B192-BCDEC78F5F35}.AppStore|Any CPU.ActiveCfg = Release|Any CPU
		{C2EF59B6-B7A3-4A91-B192-BCDEC78F5F35}.AppStore|Any CPU.Build.0 = Release|Any CPU
		{C2EF59B6-B7A3-4A91-B192-BCDEC78F5F35}.AppStore|Any CPU.Deploy.0 = Release|Any CPU
		{C2EF59B6-B7A3-4A91-B192-BCDEC78F5F35}.AppStore|iPhone.ActiveCfg = Release|Any CPU
		{C2EF59B6-B7A3-4A91-B192-BCDEC78F5F35}.AppStore|iPhone.Build.0 = Release|Any CPU
		{C2EF59B6-B7A3-4A91-B192-BCDEC78F5F35}.AppStore|iPhone.Deploy.0 = Release|Any CPU
		{C2EF59B6-B7A3-4A91-B192-BCDEC78F5F35}.AppStore|iPhoneSimulator.ActiveCfg = Release|Any CPU
		{C2EF59B6-B7A3-4A91-B192-BCDEC78F5F35}.AppStore|iPhoneSimulator.Build.0 = Release|Any CPU
		{C2EF59B6-B7A3-4A91-B192-BCDEC78F5F35}.AppStore|iPhoneSimulator.Deploy.0 = Release|Any CPU
		{C2EF59B6-B7A3-4A91-B192-BCDEC78F5F35}.Debug|Any CPU.ActiveCfg = Debug|Any CPU
		{C2EF59B6-B7A3-4A91-B192-BCDEC78F5F35}.Debug|Any CPU.Build.0 = Debug|Any CPU
		{C2EF59B6-B7A3-4A91-B192-BCDEC78F5F35}.Debug|Any CPU.Deploy.0 = Debug|Any CPU
		{C2EF59B6-B7A3-4A91-B192-BCDEC78F5F35}.Debug|iPhone.ActiveCfg = Debug|Any CPU
		{C2EF59B6-B7A3-4A91-B192-BCDEC78F5F35}.Debug|iPhone.Build.0 = Debug|Any CPU
		{C2EF59B6-B7A3-4A91-B192-BCDEC78F5F35}.Debug|iPhone.Deploy.0 = Debug|Any CPU
		{C2EF59B6-B7A3-4A91-B192-BCDEC78F5F35}.Debug|iPhoneSimulator.ActiveCfg = Debug|Any CPU
		{C2EF59B6-B7A3-4A91-B192-BCDEC78F5F35}.Debug|iPhoneSimulator.Build.0 = Debug|Any CPU
		{C2EF59B6-B7A3-4A91-B192-BCDEC78F5F35}.Debug|iPhoneSimulator.Deploy.0 = Debug|Any CPU
		{C2EF59B6-B7A3-4A91-B192-BCDEC78F5F35}.Release|Any CPU.ActiveCfg = Release|Any CPU
		{C2EF59B6-B7A3-4A91-B192-BCDEC78F5F35}.Release|Any CPU.Build.0 = Release|Any CPU
		{C2EF59B6-B7A3-4A91-B192-BCDEC78F5F35}.Release|Any CPU.Deploy.0 = Release|Any CPU
		{C2EF59B6-B7A3-4A91-B192-BCDEC78F5F35}.Release|iPhone.ActiveCfg = Release|Any CPU
		{C2EF59B6-B7A3-4A91-B192-BCDEC78F5F35}.Release|iPhone.Build.0 = Release|Any CPU
		{C2EF59B6-B7A3-4A91-B192-BCDEC78F5F35}.Release|iPhone.Deploy.0 = Release|Any CPU
		{C2EF59B6-B7A3-4A91-B192-BCDEC78F5F35}.Release|iPhoneSimulator.ActiveCfg = Release|Any CPU
		{C2EF59B6-B7A3-4A91-B192-BCDEC78F5F35}.Release|iPhoneSimulator.Build.0 = Release|Any CPU
		{C2EF59B6-B7A3-4A91-B192-BCDEC78F5F35}.Release|iPhoneSimulator.Deploy.0 = Release|Any CPU
		{A3A37125-8E1F-42DD-9BFF-C55B6F5502E3}.Ad-Hoc|Any CPU.ActiveCfg = Ad-Hoc|iPhone
		{A3A37125-8E1F-42DD-9BFF-C55B6F5502E3}.Ad-Hoc|iPhone.ActiveCfg = Ad-Hoc|iPhone
		{A3A37125-8E1F-42DD-9BFF-C55B6F5502E3}.Ad-Hoc|iPhone.Build.0 = Ad-Hoc|iPhone
		{A3A37125-8E1F-42DD-9BFF-C55B6F5502E3}.Ad-Hoc|iPhoneSimulator.ActiveCfg = Ad-Hoc|iPhoneSimulator
		{A3A37125-8E1F-42DD-9BFF-C55B6F5502E3}.Ad-Hoc|iPhoneSimulator.Build.0 = Ad-Hoc|iPhoneSimulator
		{A3A37125-8E1F-42DD-9BFF-C55B6F5502E3}.AppStore|Any CPU.ActiveCfg = AppStore|iPhone
		{A3A37125-8E1F-42DD-9BFF-C55B6F5502E3}.AppStore|iPhone.ActiveCfg = AppStore|iPhone
		{A3A37125-8E1F-42DD-9BFF-C55B6F5502E3}.AppStore|iPhone.Build.0 = AppStore|iPhone
		{A3A37125-8E1F-42DD-9BFF-C55B6F5502E3}.AppStore|iPhoneSimulator.ActiveCfg = AppStore|iPhoneSimulator
		{A3A37125-8E1F-42DD-9BFF-C55B6F5502E3}.AppStore|iPhoneSimulator.Build.0 = AppStore|iPhoneSimulator
		{A3A37125-8E1F-42DD-9BFF-C55B6F5502E3}.Debug|Any CPU.ActiveCfg = Debug|iPhone
		{A3A37125-8E1F-42DD-9BFF-C55B6F5502E3}.Debug|iPhone.ActiveCfg = Debug|iPhone
		{A3A37125-8E1F-42DD-9BFF-C55B6F5502E3}.Debug|iPhone.Build.0 = Debug|iPhone
		{A3A37125-8E1F-42DD-9BFF-C55B6F5502E3}.Debug|iPhoneSimulator.ActiveCfg = Debug|iPhoneSimulator
		{A3A37125-8E1F-42DD-9BFF-C55B6F5502E3}.Debug|iPhoneSimulator.Build.0 = Debug|iPhoneSimulator
		{A3A37125-8E1F-42DD-9BFF-C55B6F5502E3}.Release|Any CPU.ActiveCfg = Release|iPhone
		{A3A37125-8E1F-42DD-9BFF-C55B6F5502E3}.Release|iPhone.ActiveCfg = Release|iPhone
		{A3A37125-8E1F-42DD-9BFF-C55B6F5502E3}.Release|iPhone.Build.0 = Release|iPhone
		{A3A37125-8E1F-42DD-9BFF-C55B6F5502E3}.Release|iPhoneSimulator.ActiveCfg = Release|iPhoneSimulator
		{A3A37125-8E1F-42DD-9BFF-C55B6F5502E3}.Release|iPhoneSimulator.Build.0 = Release|iPhoneSimulator
		{D0314C83-3CFD-410F-A053-7624F8E7DF75}.Ad-Hoc|Any CPU.ActiveCfg = Release|Any CPU
		{D0314C83-3CFD-410F-A053-7624F8E7DF75}.Ad-Hoc|Any CPU.Build.0 = Release|Any CPU
		{D0314C83-3CFD-410F-A053-7624F8E7DF75}.Ad-Hoc|Any CPU.Deploy.0 = Release|Any CPU
		{D0314C83-3CFD-410F-A053-7624F8E7DF75}.Ad-Hoc|iPhone.ActiveCfg = Release|Any CPU
		{D0314C83-3CFD-410F-A053-7624F8E7DF75}.Ad-Hoc|iPhone.Build.0 = Release|Any CPU
		{D0314C83-3CFD-410F-A053-7624F8E7DF75}.Ad-Hoc|iPhone.Deploy.0 = Release|Any CPU
		{D0314C83-3CFD-410F-A053-7624F8E7DF75}.Ad-Hoc|iPhoneSimulator.ActiveCfg = Release|Any CPU
		{D0314C83-3CFD-410F-A053-7624F8E7DF75}.Ad-Hoc|iPhoneSimulator.Build.0 = Release|Any CPU
		{D0314C83-3CFD-410F-A053-7624F8E7DF75}.Ad-Hoc|iPhoneSimulator.Deploy.0 = Release|Any CPU
		{D0314C83-3CFD-410F-A053-7624F8E7DF75}.AppStore|Any CPU.ActiveCfg = Release|Any CPU
		{D0314C83-3CFD-410F-A053-7624F8E7DF75}.AppStore|Any CPU.Build.0 = Release|Any CPU
		{D0314C83-3CFD-410F-A053-7624F8E7DF75}.AppStore|Any CPU.Deploy.0 = Release|Any CPU
		{D0314C83-3CFD-410F-A053-7624F8E7DF75}.AppStore|iPhone.ActiveCfg = Release|Any CPU
		{D0314C83-3CFD-410F-A053-7624F8E7DF75}.AppStore|iPhone.Build.0 = Release|Any CPU
		{D0314C83-3CFD-410F-A053-7624F8E7DF75}.AppStore|iPhone.Deploy.0 = Release|Any CPU
		{D0314C83-3CFD-410F-A053-7624F8E7DF75}.AppStore|iPhoneSimulator.ActiveCfg = Release|Any CPU
		{D0314C83-3CFD-410F-A053-7624F8E7DF75}.AppStore|iPhoneSimulator.Build.0 = Release|Any CPU
		{D0314C83-3CFD-410F-A053-7624F8E7DF75}.AppStore|iPhoneSimulator.Deploy.0 = Release|Any CPU
		{D0314C83-3CFD-410F-A053-7624F8E7DF75}.Debug|Any CPU.ActiveCfg = Debug|Any CPU
		{D0314C83-3CFD-410F-A053-7624F8E7DF75}.Debug|Any CPU.Build.0 = Debug|Any CPU
		{D0314C83-3CFD-410F-A053-7624F8E7DF75}.Debug|Any CPU.Deploy.0 = Debug|Any CPU
		{D0314C83-3CFD-410F-A053-7624F8E7DF75}.Debug|iPhone.ActiveCfg = Debug|Any CPU
		{D0314C83-3CFD-410F-A053-7624F8E7DF75}.Debug|iPhone.Build.0 = Debug|Any CPU
		{D0314C83-3CFD-410F-A053-7624F8E7DF75}.Debug|iPhone.Deploy.0 = Debug|Any CPU
		{D0314C83-3CFD-410F-A053-7624F8E7DF75}.Debug|iPhoneSimulator.ActiveCfg = Debug|Any CPU
		{D0314C83-3CFD-410F-A053-7624F8E7DF75}.Debug|iPhoneSimulator.Build.0 = Debug|Any CPU
		{D0314C83-3CFD-410F-A053-7624F8E7DF75}.Debug|iPhoneSimulator.Deploy.0 = Debug|Any CPU
		{D0314C83-3CFD-410F-A053-7624F8E7DF75}.Release|Any CPU.ActiveCfg = Release|Any CPU
		{D0314C83-3CFD-410F-A053-7624F8E7DF75}.Release|Any CPU.Build.0 = Release|Any CPU
		{D0314C83-3CFD-410F-A053-7624F8E7DF75}.Release|Any CPU.Deploy.0 = Release|Any CPU
		{D0314C83-3CFD-410F-A053-7624F8E7DF75}.Release|iPhone.ActiveCfg = Release|Any CPU
		{D0314C83-3CFD-410F-A053-7624F8E7DF75}.Release|iPhone.Build.0 = Release|Any CPU
		{D0314C83-3CFD-410F-A053-7624F8E7DF75}.Release|iPhone.Deploy.0 = Release|Any CPU
		{D0314C83-3CFD-410F-A053-7624F8E7DF75}.Release|iPhoneSimulator.ActiveCfg = Release|Any CPU
		{D0314C83-3CFD-410F-A053-7624F8E7DF75}.Release|iPhoneSimulator.Build.0 = Release|Any CPU
		{D0314C83-3CFD-410F-A053-7624F8E7DF75}.Release|iPhoneSimulator.Deploy.0 = Release|Any CPU
	EndGlobalSection
	GlobalSection(SolutionProperties) = preSolution
		HideSolutionNode = FALSE
	EndGlobalSection
	GlobalSection(ExtensibilityGlobals) = postSolution
		SolutionGuid = {8B2622ED-3CDE-44DD-9087-03E161CD77AF}
	EndGlobalSection
EndGlobal
